// !$*UTF8*$!
{
	archiveVersion = 1;
	classes = {
	};
	objectVersion = 48;
	objects = {

/* Begin PBXBuildFile section */
		5651F000204B0C44005215C3 /* AppDelegate.swift in Sources */ = {isa = PBXBuildFile; fileRef = 5651EFFF204B0C44005215C3 /* AppDelegate.swift */; };
		5651F002204B0C44005215C3 /* ViewController.swift in Sources */ = {isa = PBXBuildFile; fileRef = 5651F001204B0C44005215C3 /* ViewController.swift */; };
		5651F005204B0C44005215C3 /* Main.storyboard in Resources */ = {isa = PBXBuildFile; fileRef = 5651F003204B0C44005215C3 /* Main.storyboard */; };
		5651F007204B0C44005215C3 /* Assets.xcassets in Resources */ = {isa = PBXBuildFile; fileRef = 5651F006204B0C44005215C3 /* Assets.xcassets */; };
		5651F00A204B0C44005215C3 /* LaunchScreen.storyboard in Resources */ = {isa = PBXBuildFile; fileRef = 5651F008204B0C44005215C3 /* LaunchScreen.storyboard */; };
		5651F015204B0C44005215C3 /* ContributorsTests.swift in Sources */ = {isa = PBXBuildFile; fileRef = 5651F014204B0C44005215C3 /* ContributorsTests.swift */; };
/* End PBXBuildFile section */

/* Begin PBXContainerItemProxy section */
		5651F011204B0C44005215C3 /* PBXContainerItemProxy */ = {
			isa = PBXContainerItemProxy;
			containerPortal = 5651EFF4204B0C44005215C3 /* Project object */;
			proxyType = 1;
			remoteGlobalIDString = 5651EFFB204B0C44005215C3;
			remoteInfo = Contributors;
		};
/* End PBXContainerItemProxy section */

/* Begin PBXFileReference section */
		5651EFFC204B0C44005215C3 /* Contributors.app */ = {isa = PBXFileReference; explicitFileType = wrapper.application; includeInIndex = 0; path = Contributors.app; sourceTree = BUILT_PRODUCTS_DIR; };
		5651EFFF204B0C44005215C3 /* AppDelegate.swift */ = {isa = PBXFileReference; lastKnownFileType = sourcecode.swift; path = AppDelegate.swift; sourceTree = "<group>"; };
		5651F001204B0C44005215C3 /* ViewController.swift */ = {isa = PBXFileReference; lastKnownFileType = sourcecode.swift; path = ViewController.swift; sourceTree = "<group>"; };
		5651F004204B0C44005215C3 /* Base */ = {isa = PBXFileReference; lastKnownFileType = file.storyboard; name = Base; path = Base.lproj/Main.storyboard; sourceTree = "<group>"; };
		5651F006204B0C44005215C3 /* Assets.xcassets */ = {isa = PBXFileReference; lastKnownFileType = folder.assetcatalog; path = Assets.xcassets; sourceTree = "<group>"; };
		5651F009204B0C44005215C3 /* Base */ = {isa = PBXFileReference; lastKnownFileType = file.storyboard; name = Base; path = Base.lproj/LaunchScreen.storyboard; sourceTree = "<group>"; };
		5651F00B204B0C44005215C3 /* Info.plist */ = {isa = PBXFileReference; lastKnownFileType = text.plist.xml; path = Info.plist; sourceTree = "<group>"; };
		5651F010204B0C44005215C3 /* ContributorsTests.xctest */ = {isa = PBXFileReference; explicitFileType = wrapper.cfbundle; includeInIndex = 0; path = ContributorsTests.xctest; sourceTree = BUILT_PRODUCTS_DIR; };
		5651F014204B0C44005215C3 /* ContributorsTests.swift */ = {isa = PBXFileReference; lastKnownFileType = sourcecode.swift; path = ContributorsTests.swift; sourceTree = "<group>"; };
		5651F016204B0C44005215C3 /* Info.plist */ = {isa = PBXFileReference; lastKnownFileType = text.plist.xml; path = Info.plist; sourceTree = "<group>"; };
/* End PBXFileReference section */

/* Begin PBXFrameworksBuildPhase section */
		5651EFF9204B0C44005215C3 /* Frameworks */ = {
			isa = PBXFrameworksBuildPhase;
			buildActionMask = 2147483647;
			files = (
			);
			runOnlyForDeploymentPostprocessing = 0;
		};
		5651F00D204B0C44005215C3 /* Frameworks */ = {
			isa = PBXFrameworksBuildPhase;
			buildActionMask = 2147483647;
			files = (
			);
			runOnlyForDeploymentPostprocessing = 0;
		};
/* End PBXFrameworksBuildPhase section */

/* Begin PBXGroup section */
		5651EFF3204B0C44005215C3 = {
			isa = PBXGroup;
			children = (
				5651EFFE204B0C44005215C3 /* Contributors */,
				5651F013204B0C44005215C3 /* ContributorsTests */,
				5651EFFD204B0C44005215C3 /* Products */,
			);
			sourceTree = "<group>";
		};
		5651EFFD204B0C44005215C3 /* Products */ = {
			isa = PBXGroup;
			children = (
				5651EFFC204B0C44005215C3 /* Contributors.app */,
				5651F010204B0C44005215C3 /* ContributorsTests.xctest */,
			);
			name = Products;
			sourceTree = "<group>";
		};
		5651EFFE204B0C44005215C3 /* Contributors */ = {
			isa = PBXGroup;
			children = (
				5651EFFF204B0C44005215C3 /* AppDelegate.swift */,
				5651F001204B0C44005215C3 /* ViewController.swift */,
				5651F003204B0C44005215C3 /* Main.storyboard */,
				5651F006204B0C44005215C3 /* Assets.xcassets */,
				5651F008204B0C44005215C3 /* LaunchScreen.storyboard */,
				5651F00B204B0C44005215C3 /* Info.plist */,
			);
			path = Contributors;
			sourceTree = "<group>";
		};
		5651F013204B0C44005215C3 /* ContributorsTests */ = {
			isa = PBXGroup;
			children = (
				5651F014204B0C44005215C3 /* ContributorsTests.swift */,
				5651F016204B0C44005215C3 /* Info.plist */,
			);
			path = ContributorsTests;
			sourceTree = "<group>";
		};
/* End PBXGroup section */

/* Begin PBXNativeTarget section */
		5651EFFB204B0C44005215C3 /* Contributors */ = {
			isa = PBXNativeTarget;
			buildConfigurationList = 5651F019204B0C44005215C3 /* Build configuration list for PBXNativeTarget "Contributors" */;
			buildPhases = (
				5651EFF8204B0C44005215C3 /* Sources */,
				5651EFF9204B0C44005215C3 /* Frameworks */,
				5651EFFA204B0C44005215C3 /* Resources */,
			);
			buildRules = (
			);
			dependencies = (
			);
			name = Contributors;
			productName = Contributors;
			productReference = 5651EFFC204B0C44005215C3 /* Contributors.app */;
			productType = "com.apple.product-type.application";
		};
		5651F00F204B0C44005215C3 /* ContributorsTests */ = {
			isa = PBXNativeTarget;
			buildConfigurationList = 5651F01C204B0C44005215C3 /* Build configuration list for PBXNativeTarget "ContributorsTests" */;
			buildPhases = (
				5651F00C204B0C44005215C3 /* Sources */,
				5651F00D204B0C44005215C3 /* Frameworks */,
				5651F00E204B0C44005215C3 /* Resources */,
			);
			buildRules = (
			);
			dependencies = (
				5651F012204B0C44005215C3 /* PBXTargetDependency */,
			);
			name = ContributorsTests;
			productName = ContributorsTests;
			productReference = 5651F010204B0C44005215C3 /* ContributorsTests.xctest */;
			productType = "com.apple.product-type.bundle.unit-test";
		};
/* End PBXNativeTarget section */

/* Begin PBXProject section */
		5651EFF4204B0C44005215C3 /* Project object */ = {
			isa = PBXProject;
			attributes = {
				LastSwiftUpdateCheck = 0920;
				LastUpgradeCheck = 0920;
				ORGANIZATIONNAME = PLF;
				TargetAttributes = {
					5651EFFB204B0C44005215C3 = {
						CreatedOnToolsVersion = 9.2;
						ProvisioningStyle = Automatic;
					};
					5651F00F204B0C44005215C3 = {
						CreatedOnToolsVersion = 9.2;
						ProvisioningStyle = Automatic;
						TestTargetID = 5651EFFB204B0C44005215C3;
					};
				};
			};
			buildConfigurationList = 5651EFF7204B0C44005215C3 /* Build configuration list for PBXProject "Contributors" */;
			compatibilityVersion = "Xcode 8.0";
			developmentRegion = en;
			hasScannedForEncodings = 0;
			knownRegions = (
				en,
				Base,
			);
			mainGroup = 5651EFF3204B0C44005215C3;
			productRefGroup = 5651EFFD204B0C44005215C3 /* Products */;
			projectDirPath = "";
			projectRoot = "";
			targets = (
				5651EFFB204B0C44005215C3 /* Contributors */,
				5651F00F204B0C44005215C3 /* ContributorsTests */,
			);
		};
/* End PBXProject section */

/* Begin PBXResourcesBuildPhase section */
		5651EFFA204B0C44005215C3 /* Resources */ = {
			isa = PBXResourcesBuildPhase;
			buildActionMask = 2147483647;
			files = (
				5651F00A204B0C44005215C3 /* LaunchScreen.storyboard in Resources */,
				5651F007204B0C44005215C3 /* Assets.xcassets in Resources */,
				5651F005204B0C44005215C3 /* Main.storyboard in Resources */,
			);
			runOnlyForDeploymentPostprocessing = 0;
		};
		5651F00E204B0C44005215C3 /* Resources */ = {
			isa = PBXResourcesBuildPhase;
			buildActionMask = 2147483647;
			files = (
			);
			runOnlyForDeploymentPostprocessing = 0;
		};
/* End PBXResourcesBuildPhase section */

/* Begin PBXSourcesBuildPhase section */
		5651EFF8204B0C44005215C3 /* Sources */ = {
			isa = PBXSourcesBuildPhase;
			buildActionMask = 2147483647;
			files = (
				5651F002204B0C44005215C3 /* ViewController.swift in Sources */,
				5651F000204B0C44005215C3 /* AppDelegate.swift in Sources */,
			);
			runOnlyForDeploymentPostprocessing = 0;
		};
		5651F00C204B0C44005215C3 /* Sources */ = {
			isa = PBXSourcesBuildPhase;
			buildActionMask = 2147483647;
			files = (
				5651F015204B0C44005215C3 /* ContributorsTests.swift in Sources */,
			);
			runOnlyForDeploymentPostprocessing = 0;
		};
/* End PBXSourcesBuildPhase section */

/* Begin PBXTargetDependency section */
		5651F012204B0C44005215C3 /* PBXTargetDependency */ = {
			isa = PBXTargetDependency;
			target = 5651EFFB204B0C44005215C3 /* Contributors */;
			targetProxy = 5651F011204B0C44005215C3 /* PBXContainerItemProxy */;
		};
/* End PBXTargetDependency section */

/* Begin PBXVariantGroup section */
		5651F003204B0C44005215C3 /* Main.storyboard */ = {
			isa = PBXVariantGroup;
			children = (
				5651F004204B0C44005215C3 /* Base */,
			);
			name = Main.storyboard;
			sourceTree = "<group>";
		};
		5651F008204B0C44005215C3 /* LaunchScreen.storyboard */ = {
			isa = PBXVariantGroup;
			children = (
				5651F009204B0C44005215C3 /* Base */,
			);
			name = LaunchScreen.storyboard;
			sourceTree = "<group>";
		};
/* End PBXVariantGroup section */

/* Begin XCBuildConfiguration section */
		5651F017204B0C44005215C3 /* Debug */ = {
			isa = XCBuildConfiguration;
			buildSettings = {
				ALWAYS_SEARCH_USER_PATHS = NO;
				CLANG_ANALYZER_NONNULL = YES;
				CLANG_ANALYZER_NUMBER_OBJECT_CONVERSION = YES_AGGRESSIVE;
				CLANG_CXX_LANGUAGE_STANDARD = "gnu++14";
				CLANG_CXX_LIBRARY = "libc++";
				CLANG_ENABLE_MODULES = YES;
				CLANG_ENABLE_OBJC_ARC = YES;
				CLANG_WARN_BLOCK_CAPTURE_AUTORELEASING = YES;
				CLANG_WARN_BOOL_CONVERSION = YES;
				CLANG_WARN_COMMA = YES;
				CLANG_WARN_CONSTANT_CONVERSION = YES;
				CLANG_WARN_DIRECT_OBJC_ISA_USAGE = YES_ERROR;
				CLANG_WARN_DOCUMENTATION_COMMENTS = YES;
				CLANG_WARN_EMPTY_BODY = YES;
				CLANG_WARN_ENUM_CONVERSION = YES;
				CLANG_WARN_INFINITE_RECURSION = YES;
				CLANG_WARN_INT_CONVERSION = YES;
				CLANG_WARN_NON_LITERAL_NULL_CONVERSION = YES;
				CLANG_WARN_OBJC_LITERAL_CONVERSION = YES;
				CLANG_WARN_OBJC_ROOT_CLASS = YES_ERROR;
				CLANG_WARN_RANGE_LOOP_ANALYSIS = YES;
				CLANG_WARN_STRICT_PROTOTYPES = YES;
				CLANG_WARN_SUSPICIOUS_MOVE = YES;
				CLANG_WARN_UNGUARDED_AVAILABILITY = YES_AGGRESSIVE;
				CLANG_WARN_UNREACHABLE_CODE = YES;
				CLANG_WARN__DUPLICATE_METHOD_MATCH = YES;
				CODE_SIGN_IDENTITY = "iPhone Developer";
				COPY_PHASE_STRIP = NO;
				DEBUG_INFORMATION_FORMAT = dwarf;
				ENABLE_STRICT_OBJC_MSGSEND = YES;
				ENABLE_TESTABILITY = YES;
				GCC_C_LANGUAGE_STANDARD = gnu11;
				GCC_DYNAMIC_NO_PIC = NO;
				GCC_NO_COMMON_BLOCKS = YES;
				GCC_OPTIMIZATION_LEVEL = 0;
				GCC_PREPROCESSOR_DEFINITIONS = (
					"DEBUG=1",
					"$(inherited)",
				);
				GCC_WARN_64_TO_32_BIT_CONVERSION = YES;
				GCC_WARN_ABOUT_RETURN_TYPE = YES_ERROR;
				GCC_WARN_UNDECLARED_SELECTOR = YES;
				GCC_WARN_UNINITIALIZED_AUTOS = YES_AGGRESSIVE;
				GCC_WARN_UNUSED_FUNCTION = YES;
				GCC_WARN_UNUSED_VARIABLE = YES;
				IPHONEOS_DEPLOYMENT_TARGET = 11.2;
				MTL_ENABLE_DEBUG_INFO = YES;
				ONLY_ACTIVE_ARCH = YES;
				SDKROOT = iphoneos;
				SWIFT_ACTIVE_COMPILATION_CONDITIONS = DEBUG;
				SWIFT_OPTIMIZATION_LEVEL = "-Onone";
			};
			name = Debug;
		};
		5651F018204B0C44005215C3 /* Release */ = {
			isa = XCBuildConfiguration;
			buildSettings = {
				ALWAYS_SEARCH_USER_PATHS = NO;
				CLANG_ANALYZER_NONNULL = YES;
				CLANG_ANALYZER_NUMBER_OBJECT_CONVERSION = YES_AGGRESSIVE;
				CLANG_CXX_LANGUAGE_STANDARD = "gnu++14";
				CLANG_CXX_LIBRARY = "libc++";
				CLANG_ENABLE_MODULES = YES;
				CLANG_ENABLE_OBJC_ARC = YES;
				CLANG_WARN_BLOCK_CAPTURE_AUTORELEASING = YES;
				CLANG_WARN_BOOL_CONVERSION = YES;
				CLANG_WARN_COMMA = YES;
				CLANG_WARN_CONSTANT_CONVERSION = YES;
				CLANG_WARN_DIRECT_OBJC_ISA_USAGE = YES_ERROR;
				CLANG_WARN_DOCUMENTATION_COMMENTS = YES;
				CLANG_WARN_EMPTY_BODY = YES;
				CLANG_WARN_ENUM_CONVERSION = YES;
				CLANG_WARN_INFINITE_RECURSION = YES;
				CLANG_WARN_INT_CONVERSION = YES;
				CLANG_WARN_NON_LITERAL_NULL_CONVERSION = YES;
				CLANG_WARN_OBJC_LITERAL_CONVERSION = YES;
				CLANG_WARN_OBJC_ROOT_CLASS = YES_ERROR;
				CLANG_WARN_RANGE_LOOP_ANALYSIS = YES;
				CLANG_WARN_STRICT_PROTOTYPES = YES;
				CLANG_WARN_SUSPICIOUS_MOVE = YES;
				CLANG_WARN_UNGUARDED_AVAILABILITY = YES_AGGRESSIVE;
				CLANG_WARN_UNREACHABLE_CODE = YES;
				CLANG_WARN__DUPLICATE_METHOD_MATCH = YES;
				CODE_SIGN_IDENTITY = "iPhone Developer";
				COPY_PHASE_STRIP = NO;
				DEBUG_INFORMATION_FORMAT = "dwarf-with-dsym";
				ENABLE_NS_ASSERTIONS = NO;
				ENABLE_STRICT_OBJC_MSGSEND = YES;
				GCC_C_LANGUAGE_STANDARD = gnu11;
				GCC_NO_COMMON_BLOCKS = YES;
				GCC_WARN_64_TO_32_BIT_CONVERSION = YES;
				GCC_WARN_ABOUT_RETURN_TYPE = YES_ERROR;
				GCC_WARN_UNDECLARED_SELECTOR = YES;
				GCC_WARN_UNINITIALIZED_AUTOS = YES_AGGRESSIVE;
				GCC_WARN_UNUSED_FUNCTION = YES;
				GCC_WARN_UNUSED_VARIABLE = YES;
				IPHONEOS_DEPLOYMENT_TARGET = 11.2;
				MTL_ENABLE_DEBUG_INFO = NO;
				SDKROOT = iphoneos;
				SWIFT_OPTIMIZATION_LEVEL = "-Owholemodule";
				VALIDATE_PRODUCT = YES;
			};
			name = Release;
		};
		5651F01A204B0C44005215C3 /* Debug */ = {
			isa = XCBuildConfiguration;
			buildSettings = {
				ASSETCATALOG_COMPILER_APPICON_NAME = AppIcon;
				CODE_SIGN_STYLE = Automatic;
				INFOPLIST_FILE = Contributors/Info.plist;
				LD_RUNPATH_SEARCH_PATHS = "$(inherited) @executable_path/Frameworks";
				PRODUCT_BUNDLE_IDENTIFIER = co.Contributors;
				PRODUCT_NAME = "$(TARGET_NAME)";
				SWIFT_VERSION = 4.0;
				TARGETED_DEVICE_FAMILY = "1,2";
			};
			name = Debug;
		};
		5651F01B204B0C44005215C3 /* Release */ = {
			isa = XCBuildConfiguration;
			buildSettings = {
				ASSETCATALOG_COMPILER_APPICON_NAME = AppIcon;
				CODE_SIGN_STYLE = Automatic;
				INFOPLIST_FILE = Contributors/Info.plist;
				LD_RUNPATH_SEARCH_PATHS = "$(inherited) @executable_path/Frameworks";
				PRODUCT_BUNDLE_IDENTIFIER = co.Contributors;
				PRODUCT_NAME = "$(TARGET_NAME)";
				SWIFT_VERSION = 4.0;
				TARGETED_DEVICE_FAMILY = "1,2";
			};
			name = Release;
		};
		5651F01D204B0C44005215C3 /* Debug */ = {
			isa = XCBuildConfiguration;
			buildSettings = {
				ALWAYS_EMBED_SWIFT_STANDARD_LIBRARIES = YES;
				BUNDLE_LOADER = "$(TEST_HOST)";
				CODE_SIGN_STYLE = Automatic;
				INFOPLIST_FILE = ContributorsTests/Info.plist;
				LD_RUNPATH_SEARCH_PATHS = "$(inherited) @executable_path/Frameworks @loader_path/Frameworks";
				PRODUCT_BUNDLE_IDENTIFIER = co.ContributorsTests;
				PRODUCT_NAME = "$(TARGET_NAME)";
				SWIFT_VERSION = 4.0;
				TARGETED_DEVICE_FAMILY = "1,2";
				TEST_HOST = "$(BUILT_PRODUCTS_DIR)/Contributors.app/Contributors";
			};
			name = Debug;
		};
		5651F01E204B0C44005215C3 /* Release */ = {
			isa = XCBuildConfiguration;
			buildSettings = {
				ALWAYS_EMBED_SWIFT_STANDARD_LIBRARIES = YES;
				BUNDLE_LOADER = "$(TEST_HOST)";
				CODE_SIGN_STYLE = Automatic;
				INFOPLIST_FILE = ContributorsTests/Info.plist;
				LD_RUNPATH_SEARCH_PATHS = "$(inherited) @executable_path/Frameworks @loader_path/Frameworks";
				PRODUCT_BUNDLE_IDENTIFIER = co.ContributorsTests;
				PRODUCT_NAME = "$(TARGET_NAME)";
				SWIFT_VERSION = 4.0;
				TARGETED_DEVICE_FAMILY = "1,2";
				TEST_HOST = "$(BUILT_PRODUCTS_DIR)/Contributors.app/Contributors";
			};
			name = Release;
		};
/* End XCBuildConfiguration section */

/* Begin XCConfigurationList section */
		5651EFF7204B0C44005215C3 /* Build configuration list for PBXProject "Contributors" */ = {
			isa = XCConfigurationList;
			buildConfigurations = (
				5651F017204B0C44005215C3 /* Debug */,
				5651F018204B0C44005215C3 /* Release */,
			);
			defaultConfigurationIsVisible = 0;
			defaultConfigurationName = Release;
		};
		5651F019204B0C44005215C3 /* Build configuration list for PBXNativeTarget "Contributors" */ = {
			isa = XCConfigurationList;
			buildConfigurations = (
				5651F01A204B0C44005215C3 /* Debug */,
				5651F01B204B0C44005215C3 /* Release */,
			);
			defaultConfigurationIsVisible = 0;
			defaultConfigurationName = Release;
		};
		5651F01C204B0C44005215C3 /* Build configuration list for PBXNativeTarget "ContributorsTests" */ = {
			isa = XCConfigurationList;
			buildConfigurations = (
				5651F01D204B0C44005215C3 /* Debug */,
				5651F01E204B0C44005215C3 /* Release */,
			);
			defaultConfigurationIsVisible = 0;
			defaultConfigurationName = Release;
		};
/* End XCConfigurationList section */
	};
	rootObject = 5651EFF4204B0C44005215C3 /* Project object */;
}
